// !$*UTF8*$!
{
	archiveVersion = 1;
	classes = {
	};
	objectVersion = 56;
	objects = {

/* Begin PBXBuildFile section */
		720FC3902B01A883005EB32D /* SeSACSwiftUIApp.swift in Sources */ = {isa = PBXBuildFile; fileRef = 720FC38F2B01A883005EB32D /* SeSACSwiftUIApp.swift */; };
		720FC3922B01A883005EB32D /* ContentView.swift in Sources */ = {isa = PBXBuildFile; fileRef = 720FC3912B01A883005EB32D /* ContentView.swift */; };
		720FC3942B01A885005EB32D /* Assets.xcassets in Resources */ = {isa = PBXBuildFile; fileRef = 720FC3932B01A885005EB32D /* Assets.xcassets */; };
		720FC3972B01A885005EB32D /* Preview Assets.xcassets in Resources */ = {isa = PBXBuildFile; fileRef = 720FC3962B01A885005EB32D /* Preview Assets.xcassets */; };
		720FC39E2B01B942005EB32D /* MyView.swift in Sources */ = {isa = PBXBuildFile; fileRef = 720FC39D2B01B942005EB32D /* MyView.swift */; };
		727B6F342B01C8E60047F57E /* RenderView.swift in Sources */ = {isa = PBXBuildFile; fileRef = 727B6F332B01C8E60047F57E /* RenderView.swift */; };
		727B6F362B03070B0047F57E /* TamagotchiView.swift in Sources */ = {isa = PBXBuildFile; fileRef = 727B6F352B03070B0047F57E /* TamagotchiView.swift */; };
		727B6F382B033BAC0047F57E /* DummyView.swift in Sources */ = {isa = PBXBuildFile; fileRef = 727B6F372B033BAC0047F57E /* DummyView.swift */; };
		727B6F3A2B04DA000047F57E /* PosterView.swift in Sources */ = {isa = PBXBuildFile; fileRef = 727B6F392B04DA000047F57E /* PosterView.swift */; };
		727B6F422B05AE1B0047F57E /* TransitionView.swift in Sources */ = {isa = PBXBuildFile; fileRef = 727B6F412B05AE1B0047F57E /* TransitionView.swift */; };
		727B6F442B05B4660047F57E /* NavigationLazyView.swift in Sources */ = {isa = PBXBuildFile; fileRef = 727B6F432B05B4660047F57E /* NavigationLazyView.swift */; };
/* End PBXBuildFile section */

/* Begin PBXFileReference section */
		720FC38C2B01A883005EB32D /* SeSACSwiftUI.app */ = {isa = PBXFileReference; explicitFileType = wrapper.application; includeInIndex = 0; path = SeSACSwiftUI.app; sourceTree = BUILT_PRODUCTS_DIR; };
		720FC38F2B01A883005EB32D /* SeSACSwiftUIApp.swift */ = {isa = PBXFileReference; lastKnownFileType = sourcecode.swift; path = SeSACSwiftUIApp.swift; sourceTree = "<group>"; };
		720FC3912B01A883005EB32D /* ContentView.swift */ = {isa = PBXFileReference; lastKnownFileType = sourcecode.swift; path = ContentView.swift; sourceTree = "<group>"; };
		720FC3932B01A885005EB32D /* Assets.xcassets */ = {isa = PBXFileReference; lastKnownFileType = folder.assetcatalog; path = Assets.xcassets; sourceTree = "<group>"; };
		720FC3962B01A885005EB32D /* Preview Assets.xcassets */ = {isa = PBXFileReference; lastKnownFileType = folder.assetcatalog; path = "Preview Assets.xcassets"; sourceTree = "<group>"; };
		720FC39D2B01B942005EB32D /* MyView.swift */ = {isa = PBXFileReference; lastKnownFileType = sourcecode.swift; path = MyView.swift; sourceTree = "<group>"; };
		727B6F332B01C8E60047F57E /* RenderView.swift */ = {isa = PBXFileReference; lastKnownFileType = sourcecode.swift; path = RenderView.swift; sourceTree = "<group>"; };
		727B6F352B03070B0047F57E /* TamagotchiView.swift */ = {isa = PBXFileReference; lastKnownFileType = sourcecode.swift; path = TamagotchiView.swift; sourceTree = "<group>"; };
		727B6F372B033BAC0047F57E /* DummyView.swift */ = {isa = PBXFileReference; lastKnownFileType = sourcecode.swift; path = DummyView.swift; sourceTree = "<group>"; };
		727B6F392B04DA000047F57E /* PosterView.swift */ = {isa = PBXFileReference; lastKnownFileType = sourcecode.swift; path = PosterView.swift; sourceTree = "<group>"; };
		727B6F412B05AE1B0047F57E /* TransitionView.swift */ = {isa = PBXFileReference; lastKnownFileType = sourcecode.swift; path = TransitionView.swift; sourceTree = "<group>"; };
		727B6F432B05B4660047F57E /* NavigationLazyView.swift */ = {isa = PBXFileReference; lastKnownFileType = sourcecode.swift; path = NavigationLazyView.swift; sourceTree = "<group>"; };
/* End PBXFileReference section */

/* Begin PBXFrameworksBuildPhase section */
		720FC3892B01A883005EB32D /* Frameworks */ = {
			isa = PBXFrameworksBuildPhase;
			buildActionMask = 2147483647;
			files = (
			);
			runOnlyForDeploymentPostprocessing = 0;
		};
/* End PBXFrameworksBuildPhase section */

/* Begin PBXGroup section */
		720FC3832B01A883005EB32D = {
			isa = PBXGroup;
			children = (
				720FC38E2B01A883005EB32D /* SeSACSwiftUI */,
				720FC38D2B01A883005EB32D /* Products */,
			);
			sourceTree = "<group>";
		};
		720FC38D2B01A883005EB32D /* Products */ = {
			isa = PBXGroup;
			children = (
				720FC38C2B01A883005EB32D /* SeSACSwiftUI.app */,
			);
			name = Products;
			sourceTree = "<group>";
		};
		720FC38E2B01A883005EB32D /* SeSACSwiftUI */ = {
			isa = PBXGroup;
			children = (
				720FC38F2B01A883005EB32D /* SeSACSwiftUIApp.swift */,
				720FC3912B01A883005EB32D /* ContentView.swift */,
				720FC39D2B01B942005EB32D /* MyView.swift */,
				727B6F352B03070B0047F57E /* TamagotchiView.swift */,
				727B6F392B04DA000047F57E /* PosterView.swift */,
				727B6F412B05AE1B0047F57E /* TransitionView.swift */,
				727B6F372B033BAC0047F57E /* DummyView.swift */,
				727B6F332B01C8E60047F57E /* RenderView.swift */,
				727B6F432B05B4660047F57E /* NavigationLazyView.swift */,
				720FC3932B01A885005EB32D /* Assets.xcassets */,
				720FC3952B01A885005EB32D /* Preview Content */,
			);
			path = SeSACSwiftUI;
			sourceTree = "<group>";
		};
		720FC3952B01A885005EB32D /* Preview Content */ = {
			isa = PBXGroup;
			children = (
				720FC3962B01A885005EB32D /* Preview Assets.xcassets */,
			);
			path = "Preview Content";
			sourceTree = "<group>";
		};
/* End PBXGroup section */

/* Begin PBXNativeTarget section */
		720FC38B2B01A883005EB32D /* SeSACSwiftUI */ = {
			isa = PBXNativeTarget;
			buildConfigurationList = 720FC39A2B01A885005EB32D /* Build configuration list for PBXNativeTarget "SeSACSwiftUI" */;
			buildPhases = (
				720FC3882B01A883005EB32D /* Sources */,
				720FC3892B01A883005EB32D /* Frameworks */,
				720FC38A2B01A883005EB32D /* Resources */,
			);
			buildRules = (
			);
			dependencies = (
			);
			name = SeSACSwiftUI;
			productName = SeSACSwiftUI;
			productReference = 720FC38C2B01A883005EB32D /* SeSACSwiftUI.app */;
			productType = "com.apple.product-type.application";
		};
/* End PBXNativeTarget section */

/* Begin PBXProject section */
		720FC3842B01A883005EB32D /* Project object */ = {
			isa = PBXProject;
			attributes = {
				BuildIndependentTargetsInParallel = 1;
				LastSwiftUpdateCheck = 1430;
				LastUpgradeCheck = 1430;
				TargetAttributes = {
					720FC38B2B01A883005EB32D = {
						CreatedOnToolsVersion = 14.3.1;
					};
				};
			};
			buildConfigurationList = 720FC3872B01A883005EB32D /* Build configuration list for PBXProject "SeSACSwiftUI" */;
			compatibilityVersion = "Xcode 14.0";
			developmentRegion = en;
			hasScannedForEncodings = 0;
			knownRegions = (
				en,
				Base,
			);
			mainGroup = 720FC3832B01A883005EB32D;
			productRefGroup = 720FC38D2B01A883005EB32D /* Products */;
			projectDirPath = "";
			projectRoot = "";
			targets = (
				720FC38B2B01A883005EB32D /* SeSACSwiftUI */,
			);
		};
/* End PBXProject section */

/* Begin PBXResourcesBuildPhase section */
		720FC38A2B01A883005EB32D /* Resources */ = {
			isa = PBXResourcesBuildPhase;
			buildActionMask = 2147483647;
			files = (
				720FC3972B01A885005EB32D /* Preview Assets.xcassets in Resources */,
				720FC3942B01A885005EB32D /* Assets.xcassets in Resources */,
			);
			runOnlyForDeploymentPostprocessing = 0;
		};
/* End PBXResourcesBuildPhase section */

/* Begin PBXSourcesBuildPhase section */
		720FC3882B01A883005EB32D /* Sources */ = {
			isa = PBXSourcesBuildPhase;
			buildActionMask = 2147483647;
			files = (
				720FC39E2B01B942005EB32D /* MyView.swift in Sources */,
				727B6F382B033BAC0047F57E /* DummyView.swift in Sources */,
				727B6F362B03070B0047F57E /* TamagotchiView.swift in Sources */,
				720FC3922B01A883005EB32D /* ContentView.swift in Sources */,
				727B6F422B05AE1B0047F57E /* TransitionView.swift in Sources */,
				727B6F342B01C8E60047F57E /* RenderView.swift in Sources */,
				727B6F3A2B04DA000047F57E /* PosterView.swift in Sources */,
				727B6F442B05B4660047F57E /* NavigationLazyView.swift in Sources */,
				720FC3902B01A883005EB32D /* SeSACSwiftUIApp.swift in Sources */,
			);
			runOnlyForDeploymentPostprocessing = 0;
		};
/* End PBXSourcesBuildPhase section */

/* Begin XCBuildConfiguration section */
		720FC3982B01A885005EB32D /* Debug */ = {
			isa = XCBuildConfiguration;
			buildSettings = {
				ALWAYS_SEARCH_USER_PATHS = NO;
				CLANG_ANALYZER_NONNULL = YES;
				CLANG_ANALYZER_NUMBER_OBJECT_CONVERSION = YES_AGGRESSIVE;
				CLANG_CXX_LANGUAGE_STANDARD = "gnu++20";
				CLANG_ENABLE_MODULES = YES;
				CLANG_ENABLE_OBJC_ARC = YES;
				CLANG_ENABLE_OBJC_WEAK = YES;
				CLANG_WARN_BLOCK_CAPTURE_AUTORELEASING = YES;
				CLANG_WARN_BOOL_CONVERSION = YES;
				CLANG_WARN_COMMA = YES;
				CLANG_WARN_CONSTANT_CONVERSION = YES;
				CLANG_WARN_DEPRECATED_OBJC_IMPLEMENTATIONS = YES;
				CLANG_WARN_DIRECT_OBJC_ISA_USAGE = YES_ERROR;
				CLANG_WARN_DOCUMENTATION_COMMENTS = YES;
				CLANG_WARN_EMPTY_BODY = YES;
				CLANG_WARN_ENUM_CONVERSION = YES;
				CLANG_WARN_INFINITE_RECURSION = YES;
				CLANG_WARN_INT_CONVERSION = YES;
				CLANG_WARN_NON_LITERAL_NULL_CONVERSION = YES;
				CLANG_WARN_OBJC_IMPLICIT_RETAIN_SELF = YES;
				CLANG_WARN_OBJC_LITERAL_CONVERSION = YES;
				CLANG_WARN_OBJC_ROOT_CLASS = YES_ERROR;
				CLANG_WARN_QUOTED_INCLUDE_IN_FRAMEWORK_HEADER = YES;
				CLANG_WARN_RANGE_LOOP_ANALYSIS = YES;
				CLANG_WARN_STRICT_PROTOTYPES = YES;
				CLANG_WARN_SUSPICIOUS_MOVE = YES;
				CLANG_WARN_UNGUARDED_AVAILABILITY = YES_AGGRESSIVE;
				CLANG_WARN_UNREACHABLE_CODE = YES;
				CLANG_WARN__DUPLICATE_METHOD_MATCH = YES;
				COPY_PHASE_STRIP = NO;
				DEBUG_INFORMATION_FORMAT = dwarf;
				ENABLE_STRICT_OBJC_MSGSEND = YES;
				ENABLE_TESTABILITY = YES;
				GCC_C_LANGUAGE_STANDARD = gnu11;
				GCC_DYNAMIC_NO_PIC = NO;
				GCC_NO_COMMON_BLOCKS = YES;
				GCC_OPTIMIZATION_LEVEL = 0;
				GCC_PREPROCESSOR_DEFINITIONS = (
					"DEBUG=1",
					"$(inherited)",
				);
				GCC_WARN_64_TO_32_BIT_CONVERSION = YES;
				GCC_WARN_ABOUT_RETURN_TYPE = YES_ERROR;
				GCC_WARN_UNDECLARED_SELECTOR = YES;
				GCC_WARN_UNINITIALIZED_AUTOS = YES_AGGRESSIVE;
				GCC_WARN_UNUSED_FUNCTION = YES;
				GCC_WARN_UNUSED_VARIABLE = YES;
				IPHONEOS_DEPLOYMENT_TARGET = 16.4;
				MTL_ENABLE_DEBUG_INFO = INCLUDE_SOURCE;
				MTL_FAST_MATH = YES;
				ONLY_ACTIVE_ARCH = YES;
				SDKROOT = iphoneos;
				SWIFT_ACTIVE_COMPILATION_CONDITIONS = DEBUG;
				SWIFT_OPTIMIZATION_LEVEL = "-Onone";
			};
			name = Debug;
		};
		720FC3992B01A885005EB32D /* Release */ = {
			isa = XCBuildConfiguration;
			buildSettings = {
				ALWAYS_SEARCH_USER_PATHS = NO;
				CLANG_ANALYZER_NONNULL = YES;
				CLANG_ANALYZER_NUMBER_OBJECT_CONVERSION = YES_AGGRESSIVE;
				CLANG_CXX_LANGUAGE_STANDARD = "gnu++20";
				CLANG_ENABLE_MODULES = YES;
				CLANG_ENABLE_OBJC_ARC = YES;
				CLANG_ENABLE_OBJC_WEAK = YES;
				CLANG_WARN_BLOCK_CAPTURE_AUTORELEASING = YES;
				CLANG_WARN_BOOL_CONVERSION = YES;
				CLANG_WARN_COMMA = YES;
				CLANG_WARN_CONSTANT_CONVERSION = YES;
				CLANG_WARN_DEPRECATED_OBJC_IMPLEMENTATIONS = YES;
				CLANG_WARN_DIRECT_OBJC_ISA_USAGE = YES_ERROR;
				CLANG_WARN_DOCUMENTATION_COMMENTS = YES;
				CLANG_WARN_EMPTY_BODY = YES;
				CLANG_WARN_ENUM_CONVERSION = YES;
				CLANG_WARN_INFINITE_RECURSION = YES;
				CLANG_WARN_INT_CONVERSION = YES;
				CLANG_WARN_NON_LITERAL_NULL_CONVERSION = YES;
				CLANG_WARN_OBJC_IMPLICIT_RETAIN_SELF = YES;
				CLANG_WARN_OBJC_LITERAL_CONVERSION = YES;
				CLANG_WARN_OBJC_ROOT_CLASS = YES_ERROR;
				CLANG_WARN_QUOTED_INCLUDE_IN_FRAMEWORK_HEADER = YES;
				CLANG_WARN_RANGE_LOOP_ANALYSIS = YES;
				CLANG_WARN_STRICT_PROTOTYPES = YES;
				CLANG_WARN_SUSPICIOUS_MOVE = YES;
				CLANG_WARN_UNGUARDED_AVAILABILITY = YES_AGGRESSIVE;
				CLANG_WARN_UNREACHABLE_CODE = YES;
				CLANG_WARN__DUPLICATE_METHOD_MATCH = YES;
				COPY_PHASE_STRIP = NO;
				DEBUG_INFORMATION_FORMAT = "dwarf-with-dsym";
				ENABLE_NS_ASSERTIONS = NO;
				ENABLE_STRICT_OBJC_MSGSEND = YES;
				GCC_C_LANGUAGE_STANDARD = gnu11;
				GCC_NO_COMMON_BLOCKS = YES;
				GCC_WARN_64_TO_32_BIT_CONVERSION = YES;
				GCC_WARN_ABOUT_RETURN_TYPE = YES_ERROR;
				GCC_WARN_UNDECLARED_SELECTOR = YES;
				GCC_WARN_UNINITIALIZED_AUTOS = YES_AGGRESSIVE;
				GCC_WARN_UNUSED_FUNCTION = YES;
				GCC_WARN_UNUSED_VARIABLE = YES;
				IPHONEOS_DEPLOYMENT_TARGET = 16.4;
				MTL_ENABLE_DEBUG_INFO = NO;
				MTL_FAST_MATH = YES;
				SDKROOT = iphoneos;
				SWIFT_COMPILATION_MODE = wholemodule;
				SWIFT_OPTIMIZATION_LEVEL = "-O";
				VALIDATE_PRODUCT = YES;
			};
			name = Release;
		};
		720FC39B2B01A885005EB32D /* Debug */ = {
			isa = XCBuildConfiguration;
			buildSettings = {
				ASSETCATALOG_COMPILER_APPICON_NAME = AppIcon;
				ASSETCATALOG_COMPILER_GLOBAL_ACCENT_COLOR_NAME = AccentColor;
				CODE_SIGN_STYLE = Automatic;
				CURRENT_PROJECT_VERSION = 1;
				DEVELOPMENT_ASSET_PATHS = "\"SeSACSwiftUI/Preview Content\"";
				ENABLE_PREVIEWS = YES;
				GENERATE_INFOPLIST_FILE = YES;
				INFOPLIST_KEY_UIApplicationSceneManifest_Generation = YES;
				INFOPLIST_KEY_UIApplicationSupportsIndirectInputEvents = YES;
				INFOPLIST_KEY_UILaunchScreen_Generation = YES;
				INFOPLIST_KEY_UISupportedInterfaceOrientations_iPad = "UIInterfaceOrientationPortrait UIInterfaceOrientationPortraitUpsideDown UIInterfaceOrientationLandscapeLeft UIInterfaceOrientationLandscapeRight";
				INFOPLIST_KEY_UISupportedInterfaceOrientations_iPhone = "UIInterfaceOrientationPortrait UIInterfaceOrientationLandscapeLeft UIInterfaceOrientationLandscapeRight";
				LD_RUNPATH_SEARCH_PATHS = (
					"$(inherited)",
					"@executable_path/Frameworks",
				);
				MARKETING_VERSION = 1.0;
				PRODUCT_BUNDLE_IDENTIFIER = com.SeSACSwiftUI;
				PRODUCT_NAME = "$(TARGET_NAME)";
				SWIFT_EMIT_LOC_STRINGS = YES;
				SWIFT_VERSION = 5.0;
				TARGETED_DEVICE_FAMILY = "1,2";
			};
			name = Debug;
		};
		720FC39C2B01A885005EB32D /* Release */ = {
			isa = XCBuildConfiguration;
			buildSettings = {
				ASSETCATALOG_COMPILER_APPICON_NAME = AppIcon;
				ASSETCATALOG_COMPILER_GLOBAL_ACCENT_COLOR_NAME = AccentColor;
				CODE_SIGN_STYLE = Automatic;
				CURRENT_PROJECT_VERSION = 1;
				DEVELOPMENT_ASSET_PATHS = "\"SeSACSwiftUI/Preview Content\"";
				ENABLE_PREVIEWS = YES;
				GENERATE_INFOPLIST_FILE = YES;
				INFOPLIST_KEY_UIApplicationSceneManifest_Generation = YES;
				INFOPLIST_KEY_UIApplicationSupportsIndirectInputEvents = YES;
				INFOPLIST_KEY_UILaunchScreen_Generation = YES;
				INFOPLIST_KEY_UISupportedInterfaceOrientations_iPad = "UIInterfaceOrientationPortrait UIInterfaceOrientationPortraitUpsideDown UIInterfaceOrientationLandscapeLeft UIInterfaceOrientationLandscapeRight";
				INFOPLIST_KEY_UISupportedInterfaceOrientations_iPhone = "UIInterfaceOrientationPortrait UIInterfaceOrientationLandscapeLeft UIInterfaceOrientationLandscapeRight";
				LD_RUNPATH_SEARCH_PATHS = (
					"$(inherited)",
					"@executable_path/Frameworks",
				);
				MARKETING_VERSION = 1.0;
				PRODUCT_BUNDLE_IDENTIFIER = com.SeSACSwiftUI;
				PRODUCT_NAME = "$(TARGET_NAME)";
				SWIFT_EMIT_LOC_STRINGS = YES;
				SWIFT_VERSION = 5.0;
				TARGETED_DEVICE_FAMILY = "1,2";
			};
			name = Release;
		};
/* End XCBuildConfiguration section */

/* Begin XCConfigurationList section */
		720FC3872B01A883005EB32D /* Build configuration list for PBXProject "SeSACSwiftUI" */ = {
			isa = XCConfigurationList;
			buildConfigurations = (
				720FC3982B01A885005EB32D /* Debug */,
				720FC3992B01A885005EB32D /* Release */,
			);
			defaultConfigurationIsVisible = 0;
			defaultConfigurationName = Release;
		};
		720FC39A2B01A885005EB32D /* Build configuration list for PBXNativeTarget "SeSACSwiftUI" */ = {
			isa = XCConfigurationList;
			buildConfigurations = (
				720FC39B2B01A885005EB32D /* Debug */,
				720FC39C2B01A885005EB32D /* Release */,
			);
			defaultConfigurationIsVisible = 0;
			defaultConfigurationName = Release;
		};
/* End XCConfigurationList section */
	};
	rootObject = 720FC3842B01A883005EB32D /* Project object */;
}
